
Microsoft Visual Studio Solution File, Format Version 12.00
# Visual Studio 15
VisualStudioVersion = 15.0.27703.2047
MinimumVisualStudioVersion = 10.0.40219.1
Project("{FAE04EC0-301F-11D3-BF4B-00C04F79EFBC}") = "Market-Watch.Android", "Market-Watch\Market-Watch.Android\Market-Watch.Android.csproj", "{116A0523-35C8-4A5D-8BF6-65798892BE45}"
EndProject
Project("{FAE04EC0-301F-11D3-BF4B-00C04F79EFBC}") = "Market-Watch.iOS", "Market-Watch\Market-Watch.iOS\Market-Watch.iOS.csproj", "{C0B4316F-6F3A-4B89-86A2-866D7196CC97}"
EndProject
Project("{FAE04EC0-301F-11D3-BF4B-00C04F79EFBC}") = "Market-Watch.UWP", "Market-Watch\Market-Watch.UWP\Market-Watch.UWP.csproj", "{4A17AFC8-2C69-44AC-91ED-B961B3DBA7BA}"
EndProject
Project("{FAE04EC0-301F-11D3-BF4B-00C04F79EFBC}") = "Market-Watch", "Market-Watch\Market-Watch\Market-Watch.csproj", "{0D0CA71C-2D58-410F-BD0B-941260B08524}"
EndProject
Global
	GlobalSection(SolutionConfigurationPlatforms) = preSolution
		Ad-Hoc|Any CPU = Ad-Hoc|Any CPU
		Ad-Hoc|ARM = Ad-Hoc|ARM
		Ad-Hoc|iPhone = Ad-Hoc|iPhone
		Ad-Hoc|iPhoneSimulator = Ad-Hoc|iPhoneSimulator
		Ad-Hoc|x64 = Ad-Hoc|x64
		Ad-Hoc|x86 = Ad-Hoc|x86
		AppStore|Any CPU = AppStore|Any CPU
		AppStore|ARM = AppStore|ARM
		AppStore|iPhone = AppStore|iPhone
		AppStore|iPhoneSimulator = AppStore|iPhoneSimulator
		AppStore|x64 = AppStore|x64
		AppStore|x86 = AppStore|x86
		Debug|Any CPU = Debug|Any CPU
		Debug|ARM = Debug|ARM
		Debug|iPhone = Debug|iPhone
		Debug|iPhoneSimulator = Debug|iPhoneSimulator
		Debug|x64 = Debug|x64
		Debug|x86 = Debug|x86
		Release|Any CPU = Release|Any CPU
		Release|ARM = Release|ARM
		Release|iPhone = Release|iPhone
		Release|iPhoneSimulator = Release|iPhoneSimulator
		Release|x64 = Release|x64
		Release|x86 = Release|x86
	EndGlobalSection
	GlobalSection(ProjectConfigurationPlatforms) = postSolution
		{116A0523-35C8-4A5D-8BF6-65798892BE45}.Ad-Hoc|Any CPU.ActiveCfg = Release|Any CPU
		{116A0523-35C8-4A5D-8BF6-65798892BE45}.Ad-Hoc|Any CPU.Build.0 = Release|Any CPU
		{116A0523-35C8-4A5D-8BF6-65798892BE45}.Ad-Hoc|Any CPU.Deploy.0 = Release|Any CPU
		{116A0523-35C8-4A5D-8BF6-65798892BE45}.Ad-Hoc|ARM.ActiveCfg = Release|Any CPU
		{116A0523-35C8-4A5D-8BF6-65798892BE45}.Ad-Hoc|ARM.Build.0 = Release|Any CPU
		{116A0523-35C8-4A5D-8BF6-65798892BE45}.Ad-Hoc|ARM.Deploy.0 = Release|Any CPU
		{116A0523-35C8-4A5D-8BF6-65798892BE45}.Ad-Hoc|iPhone.ActiveCfg = Release|Any CPU
		{116A0523-35C8-4A5D-8BF6-65798892BE45}.Ad-Hoc|iPhone.Build.0 = Release|Any CPU
		{116A0523-35C8-4A5D-8BF6-65798892BE45}.Ad-Hoc|iPhone.Deploy.0 = Release|Any CPU
		{116A0523-35C8-4A5D-8BF6-65798892BE45}.Ad-Hoc|iPhoneSimulator.ActiveCfg = Release|Any CPU
		{116A0523-35C8-4A5D-8BF6-65798892BE45}.Ad-Hoc|iPhoneSimulator.Build.0 = Release|Any CPU
		{116A0523-35C8-4A5D-8BF6-65798892BE45}.Ad-Hoc|iPhoneSimulator.Deploy.0 = Release|Any CPU
		{116A0523-35C8-4A5D-8BF6-65798892BE45}.Ad-Hoc|x64.ActiveCfg = Release|Any CPU
		{116A0523-35C8-4A5D-8BF6-65798892BE45}.Ad-Hoc|x64.Build.0 = Release|Any CPU
		{116A0523-35C8-4A5D-8BF6-65798892BE45}.Ad-Hoc|x64.Deploy.0 = Release|Any CPU
		{116A0523-35C8-4A5D-8BF6-65798892BE45}.Ad-Hoc|x86.ActiveCfg = Release|Any CPU
		{116A0523-35C8-4A5D-8BF6-65798892BE45}.Ad-Hoc|x86.Build.0 = Release|Any CPU
		{116A0523-35C8-4A5D-8BF6-65798892BE45}.Ad-Hoc|x86.Deploy.0 = Release|Any CPU
		{116A0523-35C8-4A5D-8BF6-65798892BE45}.AppStore|Any CPU.ActiveCfg = Release|Any CPU
		{116A0523-35C8-4A5D-8BF6-65798892BE45}.AppStore|Any CPU.Build.0 = Release|Any CPU
		{116A0523-35C8-4A5D-8BF6-65798892BE45}.AppStore|Any CPU.Deploy.0 = Release|Any CPU
		{116A0523-35C8-4A5D-8BF6-65798892BE45}.AppStore|ARM.ActiveCfg = Release|Any CPU
		{116A0523-35C8-4A5D-8BF6-65798892BE45}.AppStore|ARM.Build.0 = Release|Any CPU
		{116A0523-35C8-4A5D-8BF6-65798892BE45}.AppStore|ARM.Deploy.0 = Release|Any CPU
		{116A0523-35C8-4A5D-8BF6-65798892BE45}.AppStore|iPhone.ActiveCfg = Release|Any CPU
		{116A0523-35C8-4A5D-8BF6-65798892BE45}.AppStore|iPhone.Build.0 = Release|Any CPU
		{116A0523-35C8-4A5D-8BF6-65798892BE45}.AppStore|iPhone.Deploy.0 = Release|Any CPU
		{116A0523-35C8-4A5D-8BF6-65798892BE45}.AppStore|iPhoneSimulator.ActiveCfg = Release|Any CPU
		{116A0523-35C8-4A5D-8BF6-65798892BE45}.AppStore|iPhoneSimulator.Build.0 = Release|Any CPU
		{116A0523-35C8-4A5D-8BF6-65798892BE45}.AppStore|iPhoneSimulator.Deploy.0 = Release|Any CPU
		{116A0523-35C8-4A5D-8BF6-65798892BE45}.AppStore|x64.ActiveCfg = Release|Any CPU
		{116A0523-35C8-4A5D-8BF6-65798892BE45}.AppStore|x64.Build.0 = Release|Any CPU
		{116A0523-35C8-4A5D-8BF6-65798892BE45}.AppStore|x64.Deploy.0 = Release|Any CPU
		{116A0523-35C8-4A5D-8BF6-65798892BE45}.AppStore|x86.ActiveCfg = Release|Any CPU
		{116A0523-35C8-4A5D-8BF6-65798892BE45}.AppStore|x86.Build.0 = Release|Any CPU
		{116A0523-35C8-4A5D-8BF6-65798892BE45}.AppStore|x86.Deploy.0 = Release|Any CPU
		{116A0523-35C8-4A5D-8BF6-65798892BE45}.Debug|Any CPU.ActiveCfg = Debug|Any CPU
		{116A0523-35C8-4A5D-8BF6-65798892BE45}.Debug|Any CPU.Build.0 = Debug|Any CPU
		{116A0523-35C8-4A5D-8BF6-65798892BE45}.Debug|Any CPU.Deploy.0 = Debug|Any CPU
		{116A0523-35C8-4A5D-8BF6-65798892BE45}.Debug|ARM.ActiveCfg = Debug|Any CPU
		{116A0523-35C8-4A5D-8BF6-65798892BE45}.Debug|ARM.Build.0 = Debug|Any CPU
		{116A0523-35C8-4A5D-8BF6-65798892BE45}.Debug|ARM.Deploy.0 = Debug|Any CPU
		{116A0523-35C8-4A5D-8BF6-65798892BE45}.Debug|iPhone.ActiveCfg = Debug|Any CPU
		{116A0523-35C8-4A5D-8BF6-65798892BE45}.Debug|iPhone.Build.0 = Debug|Any CPU
		{116A0523-35C8-4A5D-8BF6-65798892BE45}.Debug|iPhone.Deploy.0 = Debug|Any CPU
		{116A0523-35C8-4A5D-8BF6-65798892BE45}.Debug|iPhoneSimulator.ActiveCfg = Debug|Any CPU
		{116A0523-35C8-4A5D-8BF6-65798892BE45}.Debug|iPhoneSimulator.Build.0 = Debug|Any CPU
		{116A0523-35C8-4A5D-8BF6-65798892BE45}.Debug|iPhoneSimulator.Deploy.0 = Debug|Any CPU
		{116A0523-35C8-4A5D-8BF6-65798892BE45}.Debug|x64.ActiveCfg = Debug|Any CPU
		{116A0523-35C8-4A5D-8BF6-65798892BE45}.Debug|x64.Build.0 = Debug|Any CPU
		{116A0523-35C8-4A5D-8BF6-65798892BE45}.Debug|x64.Deploy.0 = Debug|Any CPU
		{116A0523-35C8-4A5D-8BF6-65798892BE45}.Debug|x86.ActiveCfg = Debug|Any CPU
		{116A0523-35C8-4A5D-8BF6-65798892BE45}.Debug|x86.Build.0 = Debug|Any CPU
		{116A0523-35C8-4A5D-8BF6-65798892BE45}.Debug|x86.Deploy.0 = Debug|Any CPU
		{116A0523-35C8-4A5D-8BF6-65798892BE45}.Release|Any CPU.ActiveCfg = Release|Any CPU
		{116A0523-35C8-4A5D-8BF6-65798892BE45}.Release|Any CPU.Build.0 = Release|Any CPU
		{116A0523-35C8-4A5D-8BF6-65798892BE45}.Release|Any CPU.Deploy.0 = Release|Any CPU
		{116A0523-35C8-4A5D-8BF6-65798892BE45}.Release|ARM.ActiveCfg = Release|Any CPU
		{116A0523-35C8-4A5D-8BF6-65798892BE45}.Release|ARM.Build.0 = Release|Any CPU
		{116A0523-35C8-4A5D-8BF6-65798892BE45}.Release|ARM.Deploy.0 = Release|Any CPU
		{116A0523-35C8-4A5D-8BF6-65798892BE45}.Release|iPhone.ActiveCfg = Release|Any CPU
		{116A0523-35C8-4A5D-8BF6-65798892BE45}.Release|iPhone.Build.0 = Release|Any CPU
		{116A0523-35C8-4A5D-8BF6-65798892BE45}.Release|iPhone.Deploy.0 = Release|Any CPU
		{116A0523-35C8-4A5D-8BF6-65798892BE45}.Release|iPhoneSimulator.ActiveCfg = Release|Any CPU
		{116A0523-35C8-4A5D-8BF6-65798892BE45}.Release|iPhoneSimulator.Build.0 = Release|Any CPU
		{116A0523-35C8-4A5D-8BF6-65798892BE45}.Release|iPhoneSimulator.Deploy.0 = Release|Any CPU
		{116A0523-35C8-4A5D-8BF6-65798892BE45}.Release|x64.ActiveCfg = Release|Any CPU
		{116A0523-35C8-4A5D-8BF6-65798892BE45}.Release|x64.Build.0 = Release|Any CPU
		{116A0523-35C8-4A5D-8BF6-65798892BE45}.Release|x64.Deploy.0 = Release|Any CPU
		{116A0523-35C8-4A5D-8BF6-65798892BE45}.Release|x86.ActiveCfg = Release|Any CPU
		{116A0523-35C8-4A5D-8BF6-65798892BE45}.Release|x86.Build.0 = Release|Any CPU
		{116A0523-35C8-4A5D-8BF6-65798892BE45}.Release|x86.Deploy.0 = Release|Any CPU
		{C0B4316F-6F3A-4B89-86A2-866D7196CC97}.Ad-Hoc|Any CPU.ActiveCfg = Ad-Hoc|iPhone
		{C0B4316F-6F3A-4B89-86A2-866D7196CC97}.Ad-Hoc|Any CPU.Build.0 = Ad-Hoc|iPhone
		{C0B4316F-6F3A-4B89-86A2-866D7196CC97}.Ad-Hoc|Any CPU.Deploy.0 = Ad-Hoc|iPhone
		{C0B4316F-6F3A-4B89-86A2-866D7196CC97}.Ad-Hoc|ARM.ActiveCfg = Ad-Hoc|iPhone
		{C0B4316F-6F3A-4B89-86A2-866D7196CC97}.Ad-Hoc|ARM.Build.0 = Ad-Hoc|iPhone
		{C0B4316F-6F3A-4B89-86A2-866D7196CC97}.Ad-Hoc|ARM.Deploy.0 = Ad-Hoc|iPhone
		{C0B4316F-6F3A-4B89-86A2-866D7196CC97}.Ad-Hoc|iPhone.ActiveCfg = Ad-Hoc|iPhone
		{C0B4316F-6F3A-4B89-86A2-866D7196CC97}.Ad-Hoc|iPhone.Build.0 = Ad-Hoc|iPhone
		{C0B4316F-6F3A-4B89-86A2-866D7196CC97}.Ad-Hoc|iPhone.Deploy.0 = Ad-Hoc|iPhone
		{C0B4316F-6F3A-4B89-86A2-866D7196CC97}.Ad-Hoc|iPhoneSimulator.ActiveCfg = Ad-Hoc|iPhoneSimulator
		{C0B4316F-6F3A-4B89-86A2-866D7196CC97}.Ad-Hoc|iPhoneSimulator.Build.0 = Ad-Hoc|iPhoneSimulator
		{C0B4316F-6F3A-4B89-86A2-866D7196CC97}.Ad-Hoc|iPhoneSimulator.Deploy.0 = Ad-Hoc|iPhoneSimulator
		{C0B4316F-6F3A-4B89-86A2-866D7196CC97}.Ad-Hoc|x64.ActiveCfg = Ad-Hoc|iPhone
		{C0B4316F-6F3A-4B89-86A2-866D7196CC97}.Ad-Hoc|x64.Build.0 = Ad-Hoc|iPhone
		{C0B4316F-6F3A-4B89-86A2-866D7196CC97}.Ad-Hoc|x64.Deploy.0 = Ad-Hoc|iPhone
		{C0B4316F-6F3A-4B89-86A2-866D7196CC97}.Ad-Hoc|x86.ActiveCfg = Ad-Hoc|iPhone
		{C0B4316F-6F3A-4B89-86A2-866D7196CC97}.Ad-Hoc|x86.Build.0 = Ad-Hoc|iPhone
		{C0B4316F-6F3A-4B89-86A2-866D7196CC97}.Ad-Hoc|x86.Deploy.0 = Ad-Hoc|iPhone
		{C0B4316F-6F3A-4B89-86A2-866D7196CC97}.AppStore|Any CPU.ActiveCfg = AppStore|iPhone
		{C0B4316F-6F3A-4B89-86A2-866D7196CC97}.AppStore|Any CPU.Build.0 = AppStore|iPhone
		{C0B4316F-6F3A-4B89-86A2-866D7196CC97}.AppStore|Any CPU.Deploy.0 = AppStore|iPhone
		{C0B4316F-6F3A-4B89-86A2-866D7196CC97}.AppStore|ARM.ActiveCfg = AppStore|iPhone
		{C0B4316F-6F3A-4B89-86A2-866D7196CC97}.AppStore|ARM.Build.0 = AppStore|iPhone
		{C0B4316F-6F3A-4B89-86A2-866D7196CC97}.AppStore|ARM.Deploy.0 = AppStore|iPhone
		{C0B4316F-6F3A-4B89-86A2-866D7196CC97}.AppStore|iPhone.ActiveCfg = AppStore|iPhone
		{C0B4316F-6F3A-4B89-86A2-866D7196CC97}.AppStore|iPhone.Build.0 = AppStore|iPhone
		{C0B4316F-6F3A-4B89-86A2-866D7196CC97}.AppStore|iPhone.Deploy.0 = AppStore|iPhone
		{C0B4316F-6F3A-4B89-86A2-866D7196CC97}.AppStore|iPhoneSimulator.ActiveCfg = AppStore|iPhoneSimulator
		{C0B4316F-6F3A-4B89-86A2-866D7196CC97}.AppStore|iPhoneSimulator.Build.0 = AppStore|iPhoneSimulator
		{C0B4316F-6F3A-4B89-86A2-866D7196CC97}.AppStore|iPhoneSimulator.Deploy.0 = AppStore|iPhoneSimulator
		{C0B4316F-6F3A-4B89-86A2-866D7196CC97}.AppStore|x64.ActiveCfg = AppStore|iPhone
		{C0B4316F-6F3A-4B89-86A2-866D7196CC97}.AppStore|x64.Build.0 = AppStore|iPhone
		{C0B4316F-6F3A-4B89-86A2-866D7196CC97}.AppStore|x64.Deploy.0 = AppStore|iPhone
		{C0B4316F-6F3A-4B89-86A2-866D7196CC97}.AppStore|x86.ActiveCfg = AppStore|iPhone
		{C0B4316F-6F3A-4B89-86A2-866D7196CC97}.AppStore|x86.Build.0 = AppStore|iPhone
		{C0B4316F-6F3A-4B89-86A2-866D7196CC97}.AppStore|x86.Deploy.0 = AppStore|iPhone
		{C0B4316F-6F3A-4B89-86A2-866D7196CC97}.Debug|Any CPU.ActiveCfg = Debug|iPhoneSimulator
		{C0B4316F-6F3A-4B89-86A2-866D7196CC97}.Debug|Any CPU.Build.0 = Debug|iPhoneSimulator
		{C0B4316F-6F3A-4B89-86A2-866D7196CC97}.Debug|Any CPU.Deploy.0 = Debug|iPhoneSimulator
		{C0B4316F-6F3A-4B89-86A2-866D7196CC97}.Debug|ARM.ActiveCfg = Debug|iPhone
		{C0B4316F-6F3A-4B89-86A2-866D7196CC97}.Debug|ARM.Build.0 = Debug|iPhone
		{C0B4316F-6F3A-4B89-86A2-866D7196CC97}.Debug|ARM.Deploy.0 = Debug|iPhone
		{C0B4316F-6F3A-4B89-86A2-866D7196CC97}.Debug|iPhone.ActiveCfg = Debug|iPhone
		{C0B4316F-6F3A-4B89-86A2-866D7196CC97}.Debug|iPhone.Build.0 = Debug|iPhone
		{C0B4316F-6F3A-4B89-86A2-866D7196CC97}.Debug|iPhone.Deploy.0 = Debug|iPhone
		{C0B4316F-6F3A-4B89-86A2-866D7196CC97}.Debug|iPhoneSimulator.ActiveCfg = Debug|iPhoneSimulator
		{C0B4316F-6F3A-4B89-86A2-866D7196CC97}.Debug|iPhoneSimulator.Build.0 = Debug|iPhoneSimulator
		{C0B4316F-6F3A-4B89-86A2-866D7196CC97}.Debug|iPhoneSimulator.Deploy.0 = Debug|iPhoneSimulator
		{C0B4316F-6F3A-4B89-86A2-866D7196CC97}.Debug|x64.ActiveCfg = Debug|iPhone
		{C0B4316F-6F3A-4B89-86A2-866D7196CC97}.Debug|x64.Build.0 = Debug|iPhone
		{C0B4316F-6F3A-4B89-86A2-866D7196CC97}.Debug|x64.Deploy.0 = Debug|iPhone
		{C0B4316F-6F3A-4B89-86A2-866D7196CC97}.Debug|x86.ActiveCfg = Debug|iPhone
		{C0B4316F-6F3A-4B89-86A2-866D7196CC97}.Debug|x86.Build.0 = Debug|iPhone
		{C0B4316F-6F3A-4B89-86A2-866D7196CC97}.Debug|x86.Deploy.0 = Debug|iPhone
		{C0B4316F-6F3A-4B89-86A2-866D7196CC97}.Release|Any CPU.ActiveCfg = Release|iPhone
		{C0B4316F-6F3A-4B89-86A2-866D7196CC97}.Release|Any CPU.Build.0 = Release|iPhone
		{C0B4316F-6F3A-4B89-86A2-866D7196CC97}.Release|Any CPU.Deploy.0 = Release|iPhone
		{C0B4316F-6F3A-4B89-86A2-866D7196CC97}.Release|ARM.ActiveCfg = Release|iPhone
		{C0B4316F-6F3A-4B89-86A2-866D7196CC97}.Release|ARM.Build.0 = Release|iPhone
		{C0B4316F-6F3A-4B89-86A2-866D7196CC97}.Release|ARM.Deploy.0 = Release|iPhone
		{C0B4316F-6F3A-4B89-86A2-866D7196CC97}.Release|iPhone.ActiveCfg = Release|iPhone
		{C0B4316F-6F3A-4B89-86A2-866D7196CC97}.Release|iPhone.Build.0 = Release|iPhone
		{C0B4316F-6F3A-4B89-86A2-866D7196CC97}.Release|iPhone.Deploy.0 = Release|iPhone
		{C0B4316F-6F3A-4B89-86A2-866D7196CC97}.Release|iPhoneSimulator.ActiveCfg = Release|iPhoneSimulator
		{C0B4316F-6F3A-4B89-86A2-866D7196CC97}.Release|iPhoneSimulator.Build.0 = Release|iPhoneSimulator
		{C0B4316F-6F3A-4B89-86A2-866D7196CC97}.Release|iPhoneSimulator.Deploy.0 = Release|iPhoneSimulator
		{C0B4316F-6F3A-4B89-86A2-866D7196CC97}.Release|x64.ActiveCfg = Release|iPhone
		{C0B4316F-6F3A-4B89-86A2-866D7196CC97}.Release|x64.Build.0 = Release|iPhone
		{C0B4316F-6F3A-4B89-86A2-866D7196CC97}.Release|x64.Deploy.0 = Release|iPhone
		{C0B4316F-6F3A-4B89-86A2-866D7196CC97}.Release|x86.ActiveCfg = Release|iPhone
		{C0B4316F-6F3A-4B89-86A2-866D7196CC97}.Release|x86.Build.0 = Release|iPhone
		{C0B4316F-6F3A-4B89-86A2-866D7196CC97}.Release|x86.Deploy.0 = Release|iPhone
		{4A17AFC8-2C69-44AC-91ED-B961B3DBA7BA}.Ad-Hoc|Any CPU.ActiveCfg = Release|x86
		{4A17AFC8-2C69-44AC-91ED-B961B3DBA7BA}.Ad-Hoc|Any CPU.Build.0 = Release|x86
		{4A17AFC8-2C69-44AC-91ED-B961B3DBA7BA}.Ad-Hoc|Any CPU.Deploy.0 = Release|x86
		{4A17AFC8-2C69-44AC-91ED-B961B3DBA7BA}.Ad-Hoc|ARM.ActiveCfg = Release|ARM
		{4A17AFC8-2C69-44AC-91ED-B961B3DBA7BA}.Ad-Hoc|ARM.Build.0 = Release|ARM
		{4A17AFC8-2C69-44AC-91ED-B961B3DBA7BA}.Ad-Hoc|ARM.Deploy.0 = Release|ARM
		{4A17AFC8-2C69-44AC-91ED-B961B3DBA7BA}.Ad-Hoc|iPhone.ActiveCfg = Release|x86
		{4A17AFC8-2C69-44AC-91ED-B961B3DBA7BA}.Ad-Hoc|iPhone.Build.0 = Release|x86
		{4A17AFC8-2C69-44AC-91ED-B961B3DBA7BA}.Ad-Hoc|iPhone.Deploy.0 = Release|x86
		{4A17AFC8-2C69-44AC-91ED-B961B3DBA7BA}.Ad-Hoc|iPhoneSimulator.ActiveCfg = Release|x86
		{4A17AFC8-2C69-44AC-91ED-B961B3DBA7BA}.Ad-Hoc|iPhoneSimulator.Build.0 = Release|x86
		{4A17AFC8-2C69-44AC-91ED-B961B3DBA7BA}.Ad-Hoc|iPhoneSimulator.Deploy.0 = Release|x86
		{4A17AFC8-2C69-44AC-91ED-B961B3DBA7BA}.Ad-Hoc|x64.ActiveCfg = Release|x64
		{4A17AFC8-2C69-44AC-91ED-B961B3DBA7BA}.Ad-Hoc|x64.Build.0 = Release|x64
		{4A17AFC8-2C69-44AC-91ED-B961B3DBA7BA}.Ad-Hoc|x64.Deploy.0 = Release|x64
		{4A17AFC8-2C69-44AC-91ED-B961B3DBA7BA}.Ad-Hoc|x86.ActiveCfg = Release|x86
		{4A17AFC8-2C69-44AC-91ED-B961B3DBA7BA}.Ad-Hoc|x86.Build.0 = Release|x86
		{4A17AFC8-2C69-44AC-91ED-B961B3DBA7BA}.Ad-Hoc|x86.Deploy.0 = Release|x86
		{4A17AFC8-2C69-44AC-91ED-B961B3DBA7BA}.AppStore|Any CPU.ActiveCfg = Release|x86
		{4A17AFC8-2C69-44AC-91ED-B961B3DBA7BA}.AppStore|Any CPU.Build.0 = Release|x86
		{4A17AFC8-2C69-44AC-91ED-B961B3DBA7BA}.AppStore|Any CPU.Deploy.0 = Release|x86
		{4A17AFC8-2C69-44AC-91ED-B961B3DBA7BA}.AppStore|ARM.ActiveCfg = Release|ARM
		{4A17AFC8-2C69-44AC-91ED-B961B3DBA7BA}.AppStore|ARM.Build.0 = Release|ARM
		{4A17AFC8-2C69-44AC-91ED-B961B3DBA7BA}.AppStore|ARM.Deploy.0 = Release|ARM
		{4A17AFC8-2C69-44AC-91ED-B961B3DBA7BA}.AppStore|iPhone.ActiveCfg = Release|x86
		{4A17AFC8-2C69-44AC-91ED-B961B3DBA7BA}.AppStore|iPhone.Build.0 = Release|x86
		{4A17AFC8-2C69-44AC-91ED-B961B3DBA7BA}.AppStore|iPhone.Deploy.0 = Release|x86
		{4A17AFC8-2C69-44AC-91ED-B961B3DBA7BA}.AppStore|iPhoneSimulator.ActiveCfg = Release|x86
		{4A17AFC8-2C69-44AC-91ED-B961B3DBA7BA}.AppStore|iPhoneSimulator.Build.0 = Release|x86
		{4A17AFC8-2C69-44AC-91ED-B961B3DBA7BA}.AppStore|iPhoneSimulator.Deploy.0 = Release|x86
		{4A17AFC8-2C69-44AC-91ED-B961B3DBA7BA}.AppStore|x64.ActiveCfg = Release|x64
		{4A17AFC8-2C69-44AC-91ED-B961B3DBA7BA}.AppStore|x64.Build.0 = Release|x64
		{4A17AFC8-2C69-44AC-91ED-B961B3DBA7BA}.AppStore|x64.Deploy.0 = Release|x64
		{4A17AFC8-2C69-44AC-91ED-B961B3DBA7BA}.AppStore|x86.ActiveCfg = Release|x86
		{4A17AFC8-2C69-44AC-91ED-B961B3DBA7BA}.AppStore|x86.Build.0 = Release|x86
		{4A17AFC8-2C69-44AC-91ED-B961B3DBA7BA}.AppStore|x86.Deploy.0 = Release|x86
		{4A17AFC8-2C69-44AC-91ED-B961B3DBA7BA}.Debug|Any CPU.ActiveCfg = Debug|x86
		{4A17AFC8-2C69-44AC-91ED-B961B3DBA7BA}.Debug|Any CPU.Build.0 = Debug|x86
		{4A17AFC8-2C69-44AC-91ED-B961B3DBA7BA}.Debug|Any CPU.Deploy.0 = Debug|x86
		{4A17AFC8-2C69-44AC-91ED-B961B3DBA7BA}.Debug|ARM.ActiveCfg = Debug|ARM
		{4A17AFC8-2C69-44AC-91ED-B961B3DBA7BA}.Debug|ARM.Build.0 = Debug|ARM
		{4A17AFC8-2C69-44AC-91ED-B961B3DBA7BA}.Debug|ARM.Deploy.0 = Debug|ARM
		{4A17AFC8-2C69-44AC-91ED-B961B3DBA7BA}.Debug|iPhone.ActiveCfg = Debug|x86
		{4A17AFC8-2C69-44AC-91ED-B961B3DBA7BA}.Debug|iPhone.Build.0 = Debug|x86
		{4A17AFC8-2C69-44AC-91ED-B961B3DBA7BA}.Debug|iPhone.Deploy.0 = Debug|x86
		{4A17AFC8-2C69-44AC-91ED-B961B3DBA7BA}.Debug|iPhoneSimulator.ActiveCfg = Debug|x86
		{4A17AFC8-2C69-44AC-91ED-B961B3DBA7BA}.Debug|iPhoneSimulator.Build.0 = Debug|x86
		{4A17AFC8-2C69-44AC-91ED-B961B3DBA7BA}.Debug|iPhoneSimulator.Deploy.0 = Debug|x86
		{4A17AFC8-2C69-44AC-91ED-B961B3DBA7BA}.Debug|x64.ActiveCfg = Debug|x64
		{4A17AFC8-2C69-44AC-91ED-B961B3DBA7BA}.Debug|x64.Build.0 = Debug|x64
		{4A17AFC8-2C69-44AC-91ED-B961B3DBA7BA}.Debug|x64.Deploy.0 = Debug|x64
		{4A17AFC8-2C69-44AC-91ED-B961B3DBA7BA}.Debug|x86.ActiveCfg = Debug|x86
		{4A17AFC8-2C69-44AC-91ED-B961B3DBA7BA}.Debug|x86.Build.0 = Debug|x86
		{4A17AFC8-2C69-44AC-91ED-B961B3DBA7BA}.Debug|x86.Deploy.0 = Debug|x86
		{4A17AFC8-2C69-44AC-91ED-B961B3DBA7BA}.Release|Any CPU.ActiveCfg = Release|x86
		{4A17AFC8-2C69-44AC-91ED-B961B3DBA7BA}.Release|Any CPU.Build.0 = Release|x86
		{4A17AFC8-2C69-44AC-91ED-B961B3DBA7BA}.Release|Any CPU.Deploy.0 = Release|x86
		{4A17AFC8-2C69-44AC-91ED-B961B3DBA7BA}.Release|ARM.ActiveCfg = Release|ARM
		{4A17AFC8-2C69-44AC-91ED-B961B3DBA7BA}.Release|ARM.Build.0 = Release|ARM
		{4A17AFC8-2C69-44AC-91ED-B961B3DBA7BA}.Release|ARM.Deploy.0 = Release|ARM
		{4A17AFC8-2C69-44AC-91ED-B961B3DBA7BA}.Release|iPhone.ActiveCfg = Release|x86
		{4A17AFC8-2C69-44AC-91ED-B961B3DBA7BA}.Release|iPhone.Build.0 = Release|x86
		{4A17AFC8-2C69-44AC-91ED-B961B3DBA7BA}.Release|iPhone.Deploy.0 = Release|x86
		{4A17AFC8-2C69-44AC-91ED-B961B3DBA7BA}.Release|iPhoneSimulator.ActiveCfg = Release|x86
		{4A17AFC8-2C69-44AC-91ED-B961B3DBA7BA}.Release|iPhoneSimulator.Build.0 = Release|x86
		{4A17AFC8-2C69-44AC-91ED-B961B3DBA7BA}.Release|iPhoneSimulator.Deploy.0 = Release|x86
		{4A17AFC8-2C69-44AC-91ED-B961B3DBA7BA}.Release|x64.ActiveCfg = Release|x64
		{4A17AFC8-2C69-44AC-91ED-B961B3DBA7BA}.Release|x64.Build.0 = Release|x64
		{4A17AFC8-2C69-44AC-91ED-B961B3DBA7BA}.Release|x64.Deploy.0 = Release|x64
		{4A17AFC8-2C69-44AC-91ED-B961B3DBA7BA}.Release|x86.ActiveCfg = Release|x86
		{4A17AFC8-2C69-44AC-91ED-B961B3DBA7BA}.Release|x86.Build.0 = Release|x86
		{4A17AFC8-2C69-44AC-91ED-B961B3DBA7BA}.Release|x86.Deploy.0 = Release|x86
		{0D0CA71C-2D58-410F-BD0B-941260B08524}.Ad-Hoc|Any CPU.ActiveCfg = Debug|Any CPU
		{0D0CA71C-2D58-410F-BD0B-941260B08524}.Ad-Hoc|Any CPU.Build.0 = Debug|Any CPU
		{0D0CA71C-2D58-410F-BD0B-941260B08524}.Ad-Hoc|Any CPU.Deploy.0 = Debug|Any CPU
		{0D0CA71C-2D58-410F-BD0B-941260B08524}.Ad-Hoc|ARM.ActiveCfg = Debug|Any CPU
		{0D0CA71C-2D58-410F-BD0B-941260B08524}.Ad-Hoc|ARM.Build.0 = Debug|Any CPU
		{0D0CA71C-2D58-410F-BD0B-941260B08524}.Ad-Hoc|ARM.Deploy.0 = Debug|Any CPU
		{0D0CA71C-2D58-410F-BD0B-941260B08524}.Ad-Hoc|iPhone.ActiveCfg = Debug|Any CPU
		{0D0CA71C-2D58-410F-BD0B-941260B08524}.Ad-Hoc|iPhone.Build.0 = Debug|Any CPU
		{0D0CA71C-2D58-410F-BD0B-941260B08524}.Ad-Hoc|iPhone.Deploy.0 = Debug|Any CPU
		{0D0CA71C-2D58-410F-BD0B-941260B08524}.Ad-Hoc|iPhoneSimulator.ActiveCfg = Debug|Any CPU
		{0D0CA71C-2D58-410F-BD0B-941260B08524}.Ad-Hoc|iPhoneSimulator.Build.0 = Debug|Any CPU
		{0D0CA71C-2D58-410F-BD0B-941260B08524}.Ad-Hoc|iPhoneSimulator.Deploy.0 = Debug|Any CPU
		{0D0CA71C-2D58-410F-BD0B-941260B08524}.Ad-Hoc|x64.ActiveCfg = Debug|Any CPU
		{0D0CA71C-2D58-410F-BD0B-941260B08524}.Ad-Hoc|x64.Build.0 = Debug|Any CPU
		{0D0CA71C-2D58-410F-BD0B-941260B08524}.Ad-Hoc|x64.Deploy.0 = Debug|Any CPU
		{0D0CA71C-2D58-410F-BD0B-941260B08524}.Ad-Hoc|x86.ActiveCfg = Debug|Any CPU
		{0D0CA71C-2D58-410F-BD0B-941260B08524}.Ad-Hoc|x86.Build.0 = Debug|Any CPU
		{0D0CA71C-2D58-410F-BD0B-941260B08524}.Ad-Hoc|x86.Deploy.0 = Debug|Any CPU
		{0D0CA71C-2D58-410F-BD0B-941260B08524}.AppStore|Any CPU.ActiveCfg = Debug|Any CPU
		{0D0CA71C-2D58-410F-BD0B-941260B08524}.AppStore|Any CPU.Build.0 = Debug|Any CPU
		{0D0CA71C-2D58-410F-BD0B-941260B08524}.AppStore|Any CPU.Deploy.0 = Debug|Any CPU
		{0D0CA71C-2D58-410F-BD0B-941260B08524}.AppStore|ARM.ActiveCfg = Debug|Any CPU
		{0D0CA71C-2D58-410F-BD0B-941260B08524}.AppStore|ARM.Build.0 = Debug|Any CPU
		{0D0CA71C-2D58-410F-BD0B-941260B08524}.AppStore|ARM.Deploy.0 = Debug|Any CPU
		{0D0CA71C-2D58-410F-BD0B-941260B08524}.AppStore|iPhone.ActiveCfg = Debug|Any CPU
		{0D0CA71C-2D58-410F-BD0B-941260B08524}.AppStore|iPhone.Build.0 = Debug|Any CPU
		{0D0CA71C-2D58-410F-BD0B-941260B08524}.AppStore|iPhone.Deploy.0 = Debug|Any CPU
		{0D0CA71C-2D58-410F-BD0B-941260B08524}.AppStore|iPhoneSimulator.ActiveCfg = Debug|Any CPU
		{0D0CA71C-2D58-410F-BD0B-941260B08524}.AppStore|iPhoneSimulator.Build.0 = Debug|Any CPU
		{0D0CA71C-2D58-410F-BD0B-941260B08524}.AppStore|iPhoneSimulator.Deploy.0 = Debug|Any CPU
		{0D0CA71C-2D58-410F-BD0B-941260B08524}.AppStore|x64.ActiveCfg = Debug|Any CPU
		{0D0CA71C-2D58-410F-BD0B-941260B08524}.AppStore|x64.Build.0 = Debug|Any CPU
		{0D0CA71C-2D58-410F-BD0B-941260B08524}.AppStore|x64.Deploy.0 = Debug|Any CPU
		{0D0CA71C-2D58-410F-BD0B-941260B08524}.AppStore|x86.ActiveCfg = Debug|Any CPU
		{0D0CA71C-2D58-410F-BD0B-941260B08524}.AppStore|x86.Build.0 = Debug|Any CPU
		{0D0CA71C-2D58-410F-BD0B-941260B08524}.AppStore|x86.Deploy.0 = Debug|Any CPU
		{0D0CA71C-2D58-410F-BD0B-941260B08524}.Debug|Any CPU.ActiveCfg = Debug|Any CPU
		{0D0CA71C-2D58-410F-BD0B-941260B08524}.Debug|Any CPU.Build.0 = Debug|Any CPU
		{0D0CA71C-2D58-410F-BD0B-941260B08524}.Debug|Any CPU.Deploy.0 = Debug|Any CPU
		{0D0CA71C-2D58-410F-BD0B-941260B08524}.Debug|ARM.ActiveCfg = Debug|Any CPU
		{0D0CA71C-2D58-410F-BD0B-941260B08524}.Debug|ARM.Build.0 = Debug|Any CPU
		{0D0CA71C-2D58-410F-BD0B-941260B08524}.Debug|ARM.Deploy.0 = Debug|Any CPU
		{0D0CA71C-2D58-410F-BD0B-941260B08524}.Debug|iPhone.ActiveCfg = Debug|Any CPU
		{0D0CA71C-2D58-410F-BD0B-941260B08524}.Debug|iPhone.Build.0 = Debug|Any CPU
		{0D0CA71C-2D58-410F-BD0B-941260B08524}.Debug|iPhone.Deploy.0 = Debug|Any CPU
		{0D0CA71C-2D58-410F-BD0B-941260B08524}.Debug|iPhoneSimulator.ActiveCfg = Debug|Any CPU
		{0D0CA71C-2D58-410F-BD0B-941260B08524}.Debug|iPhoneSimulator.Build.0 = Debug|Any CPU
		{0D0CA71C-2D58-410F-BD0B-941260B08524}.Debug|iPhoneSimulator.Deploy.0 = Debug|Any CPU
		{0D0CA71C-2D58-410F-BD0B-941260B08524}.Debug|x64.ActiveCfg = Debug|Any CPU
		{0D0CA71C-2D58-410F-BD0B-941260B08524}.Debug|x64.Build.0 = Debug|Any CPU
		{0D0CA71C-2D58-410F-BD0B-941260B08524}.Debug|x64.Deploy.0 = Debug|Any CPU
		{0D0CA71C-2D58-410F-BD0B-941260B08524}.Debug|x86.ActiveCfg = Debug|Any CPU
		{0D0CA71C-2D58-410F-BD0B-941260B08524}.Debug|x86.Build.0 = Debug|Any CPU
		{0D0CA71C-2D58-410F-BD0B-941260B08524}.Debug|x86.Deploy.0 = Debug|Any CPU
		{0D0CA71C-2D58-410F-BD0B-941260B08524}.Release|Any CPU.ActiveCfg = Release|Any CPU
		{0D0CA71C-2D58-410F-BD0B-941260B08524}.Release|Any CPU.Build.0 = Release|Any CPU
		{0D0CA71C-2D58-410F-BD0B-941260B08524}.Release|Any CPU.Deploy.0 = Release|Any CPU
		{0D0CA71C-2D58-410F-BD0B-941260B08524}.Release|ARM.ActiveCfg = Release|Any CPU
		{0D0CA71C-2D58-410F-BD0B-941260B08524}.Release|ARM.Build.0 = Release|Any CPU
		{0D0CA71C-2D58-410F-BD0B-941260B08524}.Release|ARM.Deploy.0 = Release|Any CPU
		{0D0CA71C-2D58-410F-BD0B-941260B08524}.Release|iPhone.ActiveCfg = Release|Any CPU
		{0D0CA71C-2D58-410F-BD0B-941260B08524}.Release|iPhone.Build.0 = Release|Any CPU
		{0D0CA71C-2D58-410F-BD0B-941260B08524}.Release|iPhone.Deploy.0 = Release|Any CPU
		{0D0CA71C-2D58-410F-BD0B-941260B08524}.Release|iPhoneSimulator.ActiveCfg = Release|Any CPU
		{0D0CA71C-2D58-410F-BD0B-941260B08524}.Release|iPhoneSimulator.Build.0 = Release|Any CPU
		{0D0CA71C-2D58-410F-BD0B-941260B08524}.Release|iPhoneSimulator.Deploy.0 = Release|Any CPU
		{0D0CA71C-2D58-410F-BD0B-941260B08524}.Release|x64.ActiveCfg = Release|Any CPU
		{0D0CA71C-2D58-410F-BD0B-941260B08524}.Release|x64.Build.0 = Release|Any CPU
		{0D0CA71C-2D58-410F-BD0B-941260B08524}.Release|x64.Deploy.0 = Release|Any CPU
		{0D0CA71C-2D58-410F-BD0B-941260B08524}.Release|x86.ActiveCfg = Release|Any CPU
		{0D0CA71C-2D58-410F-BD0B-941260B08524}.Release|x86.Build.0 = Release|Any CPU
		{0D0CA71C-2D58-410F-BD0B-941260B08524}.Release|x86.Deploy.0 = Release|Any CPU
	EndGlobalSection
	GlobalSection(SolutionProperties) = preSolution
		HideSolutionNode = FALSE
	EndGlobalSection
	GlobalSection(ExtensibilityGlobals) = postSolution
		SolutionGuid = {DED6CE14-43DF-4680-8FE7-ECF4DCDD1AF9}
	EndGlobalSection
EndGlobal
