
Microsoft Visual Studio Solution File, Format Version 12.00
# Visual Studio 15
VisualStudioVersion = 15.0.28010.2003
MinimumVisualStudioVersion = 10.0.40219.1
Project("{FAE04EC0-301F-11D3-BF4B-00C04F79EFBC}") = "App2.Android", "App2\App2.Android\App2.Android.csproj", "{5DB11AA4-51ED-44F0-926B-616ADD9DC826}"
EndProject
Project("{FAE04EC0-301F-11D3-BF4B-00C04F79EFBC}") = "App2.iOS", "App2\App2.iOS\App2.iOS.csproj", "{1589793C-FCB0-4E2F-AF80-1877E06A525B}"
EndProject
Project("{FAE04EC0-301F-11D3-BF4B-00C04F79EFBC}") = "App2", "App2\App2\App2.csproj", "{07C1AAA3-9AFE-4B57-8FEC-FC457BCBC193}"
EndProject
Global
	GlobalSection(SolutionConfigurationPlatforms) = preSolution
		Ad-Hoc|Any CPU = Ad-Hoc|Any CPU
		Ad-Hoc|iPhone = Ad-Hoc|iPhone
		Ad-Hoc|iPhoneSimulator = Ad-Hoc|iPhoneSimulator
		AppStore|Any CPU = AppStore|Any CPU
		AppStore|iPhone = AppStore|iPhone
		AppStore|iPhoneSimulator = AppStore|iPhoneSimulator
		Debug|Any CPU = Debug|Any CPU
		Debug|iPhone = Debug|iPhone
		Debug|iPhoneSimulator = Debug|iPhoneSimulator
		Release|Any CPU = Release|Any CPU
		Release|iPhone = Release|iPhone
		Release|iPhoneSimulator = Release|iPhoneSimulator
	EndGlobalSection
	GlobalSection(ProjectConfigurationPlatforms) = postSolution
		{5DB11AA4-51ED-44F0-926B-616ADD9DC826}.Ad-Hoc|Any CPU.ActiveCfg = Release|Any CPU
		{5DB11AA4-51ED-44F0-926B-616ADD9DC826}.Ad-Hoc|Any CPU.Build.0 = Release|Any CPU
		{5DB11AA4-51ED-44F0-926B-616ADD9DC826}.Ad-Hoc|Any CPU.Deploy.0 = Release|Any CPU
		{5DB11AA4-51ED-44F0-926B-616ADD9DC826}.Ad-Hoc|iPhone.ActiveCfg = Release|Any CPU
		{5DB11AA4-51ED-44F0-926B-616ADD9DC826}.Ad-Hoc|iPhone.Build.0 = Release|Any CPU
		{5DB11AA4-51ED-44F0-926B-616ADD9DC826}.Ad-Hoc|iPhone.Deploy.0 = Release|Any CPU
		{5DB11AA4-51ED-44F0-926B-616ADD9DC826}.Ad-Hoc|iPhoneSimulator.ActiveCfg = Release|Any CPU
		{5DB11AA4-51ED-44F0-926B-616ADD9DC826}.Ad-Hoc|iPhoneSimulator.Build.0 = Release|Any CPU
		{5DB11AA4-51ED-44F0-926B-616ADD9DC826}.Ad-Hoc|iPhoneSimulator.Deploy.0 = Release|Any CPU
		{5DB11AA4-51ED-44F0-926B-616ADD9DC826}.AppStore|Any CPU.ActiveCfg = Release|Any CPU
		{5DB11AA4-51ED-44F0-926B-616ADD9DC826}.AppStore|Any CPU.Build.0 = Release|Any CPU
		{5DB11AA4-51ED-44F0-926B-616ADD9DC826}.AppStore|Any CPU.Deploy.0 = Release|Any CPU
		{5DB11AA4-51ED-44F0-926B-616ADD9DC826}.AppStore|iPhone.ActiveCfg = Release|Any CPU
		{5DB11AA4-51ED-44F0-926B-616ADD9DC826}.AppStore|iPhone.Build.0 = Release|Any CPU
		{5DB11AA4-51ED-44F0-926B-616ADD9DC826}.AppStore|iPhone.Deploy.0 = Release|Any CPU
		{5DB11AA4-51ED-44F0-926B-616ADD9DC826}.AppStore|iPhoneSimulator.ActiveCfg = Release|Any CPU
		{5DB11AA4-51ED-44F0-926B-616ADD9DC826}.AppStore|iPhoneSimulator.Build.0 = Release|Any CPU
		{5DB11AA4-51ED-44F0-926B-616ADD9DC826}.AppStore|iPhoneSimulator.Deploy.0 = Release|Any CPU
		{5DB11AA4-51ED-44F0-926B-616ADD9DC826}.Debug|Any CPU.ActiveCfg = Debug|Any CPU
		{5DB11AA4-51ED-44F0-926B-616ADD9DC826}.Debug|Any CPU.Build.0 = Debug|Any CPU
		{5DB11AA4-51ED-44F0-926B-616ADD9DC826}.Debug|Any CPU.Deploy.0 = Debug|Any CPU
		{5DB11AA4-51ED-44F0-926B-616ADD9DC826}.Debug|iPhone.ActiveCfg = Debug|Any CPU
		{5DB11AA4-51ED-44F0-926B-616ADD9DC826}.Debug|iPhone.Build.0 = Debug|Any CPU
		{5DB11AA4-51ED-44F0-926B-616ADD9DC826}.Debug|iPhone.Deploy.0 = Debug|Any CPU
		{5DB11AA4-51ED-44F0-926B-616ADD9DC826}.Debug|iPhoneSimulator.ActiveCfg = Debug|Any CPU
		{5DB11AA4-51ED-44F0-926B-616ADD9DC826}.Debug|iPhoneSimulator.Build.0 = Debug|Any CPU
		{5DB11AA4-51ED-44F0-926B-616ADD9DC826}.Debug|iPhoneSimulator.Deploy.0 = Debug|Any CPU
		{5DB11AA4-51ED-44F0-926B-616ADD9DC826}.Release|Any CPU.ActiveCfg = Release|Any CPU
		{5DB11AA4-51ED-44F0-926B-616ADD9DC826}.Release|Any CPU.Build.0 = Release|Any CPU
		{5DB11AA4-51ED-44F0-926B-616ADD9DC826}.Release|Any CPU.Deploy.0 = Release|Any CPU
		{5DB11AA4-51ED-44F0-926B-616ADD9DC826}.Release|iPhone.ActiveCfg = Release|Any CPU
		{5DB11AA4-51ED-44F0-926B-616ADD9DC826}.Release|iPhone.Build.0 = Release|Any CPU
		{5DB11AA4-51ED-44F0-926B-616ADD9DC826}.Release|iPhone.Deploy.0 = Release|Any CPU
		{5DB11AA4-51ED-44F0-926B-616ADD9DC826}.Release|iPhoneSimulator.ActiveCfg = Release|Any CPU
		{5DB11AA4-51ED-44F0-926B-616ADD9DC826}.Release|iPhoneSimulator.Build.0 = Release|Any CPU
		{5DB11AA4-51ED-44F0-926B-616ADD9DC826}.Release|iPhoneSimulator.Deploy.0 = Release|Any CPU
		{1589793C-FCB0-4E2F-AF80-1877E06A525B}.Ad-Hoc|Any CPU.ActiveCfg = Ad-Hoc|iPhone
		{1589793C-FCB0-4E2F-AF80-1877E06A525B}.Ad-Hoc|Any CPU.Build.0 = Ad-Hoc|iPhone
		{1589793C-FCB0-4E2F-AF80-1877E06A525B}.Ad-Hoc|Any CPU.Deploy.0 = Ad-Hoc|iPhone
		{1589793C-FCB0-4E2F-AF80-1877E06A525B}.Ad-Hoc|iPhone.ActiveCfg = Ad-Hoc|iPhone
		{1589793C-FCB0-4E2F-AF80-1877E06A525B}.Ad-Hoc|iPhone.Build.0 = Ad-Hoc|iPhone
		{1589793C-FCB0-4E2F-AF80-1877E06A525B}.Ad-Hoc|iPhone.Deploy.0 = Ad-Hoc|iPhone
		{1589793C-FCB0-4E2F-AF80-1877E06A525B}.Ad-Hoc|iPhoneSimulator.ActiveCfg = Ad-Hoc|iPhoneSimulator
		{1589793C-FCB0-4E2F-AF80-1877E06A525B}.Ad-Hoc|iPhoneSimulator.Build.0 = Ad-Hoc|iPhoneSimulator
		{1589793C-FCB0-4E2F-AF80-1877E06A525B}.Ad-Hoc|iPhoneSimulator.Deploy.0 = Ad-Hoc|iPhoneSimulator
		{1589793C-FCB0-4E2F-AF80-1877E06A525B}.AppStore|Any CPU.ActiveCfg = AppStore|iPhone
		{1589793C-FCB0-4E2F-AF80-1877E06A525B}.AppStore|Any CPU.Build.0 = AppStore|iPhone
		{1589793C-FCB0-4E2F-AF80-1877E06A525B}.AppStore|Any CPU.Deploy.0 = AppStore|iPhone
		{1589793C-FCB0-4E2F-AF80-1877E06A525B}.AppStore|iPhone.ActiveCfg = AppStore|iPhone
		{1589793C-FCB0-4E2F-AF80-1877E06A525B}.AppStore|iPhone.Build.0 = AppStore|iPhone
		{1589793C-FCB0-4E2F-AF80-1877E06A525B}.AppStore|iPhone.Deploy.0 = AppStore|iPhone
		{1589793C-FCB0-4E2F-AF80-1877E06A525B}.AppStore|iPhoneSimulator.ActiveCfg = AppStore|iPhoneSimulator
		{1589793C-FCB0-4E2F-AF80-1877E06A525B}.AppStore|iPhoneSimulator.Build.0 = AppStore|iPhoneSimulator
		{1589793C-FCB0-4E2F-AF80-1877E06A525B}.AppStore|iPhoneSimulator.Deploy.0 = AppStore|iPhoneSimulator
		{1589793C-FCB0-4E2F-AF80-1877E06A525B}.Debug|Any CPU.ActiveCfg = Debug|iPhone
		{1589793C-FCB0-4E2F-AF80-1877E06A525B}.Debug|Any CPU.Build.0 = Debug|iPhone
		{1589793C-FCB0-4E2F-AF80-1877E06A525B}.Debug|Any CPU.Deploy.0 = Debug|iPhone
		{1589793C-FCB0-4E2F-AF80-1877E06A525B}.Debug|iPhone.ActiveCfg = Debug|iPhone
		{1589793C-FCB0-4E2F-AF80-1877E06A525B}.Debug|iPhone.Build.0 = Debug|iPhone
		{1589793C-FCB0-4E2F-AF80-1877E06A525B}.Debug|iPhone.Deploy.0 = Debug|iPhone
		{1589793C-FCB0-4E2F-AF80-1877E06A525B}.Debug|iPhoneSimulator.ActiveCfg = Debug|iPhoneSimulator
		{1589793C-FCB0-4E2F-AF80-1877E06A525B}.Debug|iPhoneSimulator.Build.0 = Debug|iPhoneSimulator
		{1589793C-FCB0-4E2F-AF80-1877E06A525B}.Debug|iPhoneSimulator.Deploy.0 = Debug|iPhoneSimulator
		{1589793C-FCB0-4E2F-AF80-1877E06A525B}.Release|Any CPU.ActiveCfg = Release|iPhone
		{1589793C-FCB0-4E2F-AF80-1877E06A525B}.Release|Any CPU.Build.0 = Release|iPhone
		{1589793C-FCB0-4E2F-AF80-1877E06A525B}.Release|Any CPU.Deploy.0 = Release|iPhone
		{1589793C-FCB0-4E2F-AF80-1877E06A525B}.Release|iPhone.ActiveCfg = Release|iPhone
		{1589793C-FCB0-4E2F-AF80-1877E06A525B}.Release|iPhone.Build.0 = Release|iPhone
		{1589793C-FCB0-4E2F-AF80-1877E06A525B}.Release|iPhone.Deploy.0 = Release|iPhone
		{1589793C-FCB0-4E2F-AF80-1877E06A525B}.Release|iPhoneSimulator.ActiveCfg = Release|iPhoneSimulator
		{1589793C-FCB0-4E2F-AF80-1877E06A525B}.Release|iPhoneSimulator.Build.0 = Release|iPhoneSimulator
		{1589793C-FCB0-4E2F-AF80-1877E06A525B}.Release|iPhoneSimulator.Deploy.0 = Release|iPhoneSimulator
		{07C1AAA3-9AFE-4B57-8FEC-FC457BCBC193}.Ad-Hoc|Any CPU.ActiveCfg = Debug|Any CPU
		{07C1AAA3-9AFE-4B57-8FEC-FC457BCBC193}.Ad-Hoc|Any CPU.Build.0 = Debug|Any CPU
		{07C1AAA3-9AFE-4B57-8FEC-FC457BCBC193}.Ad-Hoc|Any CPU.Deploy.0 = Debug|Any CPU
		{07C1AAA3-9AFE-4B57-8FEC-FC457BCBC193}.Ad-Hoc|iPhone.ActiveCfg = Debug|Any CPU
		{07C1AAA3-9AFE-4B57-8FEC-FC457BCBC193}.Ad-Hoc|iPhone.Build.0 = Debug|Any CPU
		{07C1AAA3-9AFE-4B57-8FEC-FC457BCBC193}.Ad-Hoc|iPhone.Deploy.0 = Debug|Any CPU
		{07C1AAA3-9AFE-4B57-8FEC-FC457BCBC193}.Ad-Hoc|iPhoneSimulator.ActiveCfg = Debug|Any CPU
		{07C1AAA3-9AFE-4B57-8FEC-FC457BCBC193}.Ad-Hoc|iPhoneSimulator.Build.0 = Debug|Any CPU
		{07C1AAA3-9AFE-4B57-8FEC-FC457BCBC193}.Ad-Hoc|iPhoneSimulator.Deploy.0 = Debug|Any CPU
		{07C1AAA3-9AFE-4B57-8FEC-FC457BCBC193}.AppStore|Any CPU.ActiveCfg = Debug|Any CPU
		{07C1AAA3-9AFE-4B57-8FEC-FC457BCBC193}.AppStore|Any CPU.Build.0 = Debug|Any CPU
		{07C1AAA3-9AFE-4B57-8FEC-FC457BCBC193}.AppStore|Any CPU.Deploy.0 = Debug|Any CPU
		{07C1AAA3-9AFE-4B57-8FEC-FC457BCBC193}.AppStore|iPhone.ActiveCfg = Debug|Any CPU
		{07C1AAA3-9AFE-4B57-8FEC-FC457BCBC193}.AppStore|iPhone.Build.0 = Debug|Any CPU
		{07C1AAA3-9AFE-4B57-8FEC-FC457BCBC193}.AppStore|iPhone.Deploy.0 = Debug|Any CPU
		{07C1AAA3-9AFE-4B57-8FEC-FC457BCBC193}.AppStore|iPhoneSimulator.ActiveCfg = Debug|Any CPU
		{07C1AAA3-9AFE-4B57-8FEC-FC457BCBC193}.AppStore|iPhoneSimulator.Build.0 = Debug|Any CPU
		{07C1AAA3-9AFE-4B57-8FEC-FC457BCBC193}.AppStore|iPhoneSimulator.Deploy.0 = Debug|Any CPU
		{07C1AAA3-9AFE-4B57-8FEC-FC457BCBC193}.Debug|Any CPU.ActiveCfg = Debug|Any CPU
		{07C1AAA3-9AFE-4B57-8FEC-FC457BCBC193}.Debug|Any CPU.Build.0 = Debug|Any CPU
		{07C1AAA3-9AFE-4B57-8FEC-FC457BCBC193}.Debug|Any CPU.Deploy.0 = Debug|Any CPU
		{07C1AAA3-9AFE-4B57-8FEC-FC457BCBC193}.Debug|iPhone.ActiveCfg = Debug|Any CPU
		{07C1AAA3-9AFE-4B57-8FEC-FC457BCBC193}.Debug|iPhone.Build.0 = Debug|Any CPU
		{07C1AAA3-9AFE-4B57-8FEC-FC457BCBC193}.Debug|iPhone.Deploy.0 = Debug|Any CPU
		{07C1AAA3-9AFE-4B57-8FEC-FC457BCBC193}.Debug|iPhoneSimulator.ActiveCfg = Debug|Any CPU
		{07C1AAA3-9AFE-4B57-8FEC-FC457BCBC193}.Debug|iPhoneSimulator.Build.0 = Debug|Any CPU
		{07C1AAA3-9AFE-4B57-8FEC-FC457BCBC193}.Debug|iPhoneSimulator.Deploy.0 = Debug|Any CPU
		{07C1AAA3-9AFE-4B57-8FEC-FC457BCBC193}.Release|Any CPU.ActiveCfg = Release|Any CPU
		{07C1AAA3-9AFE-4B57-8FEC-FC457BCBC193}.Release|Any CPU.Build.0 = Release|Any CPU
		{07C1AAA3-9AFE-4B57-8FEC-FC457BCBC193}.Release|Any CPU.Deploy.0 = Release|Any CPU
		{07C1AAA3-9AFE-4B57-8FEC-FC457BCBC193}.Release|iPhone.ActiveCfg = Release|Any CPU
		{07C1AAA3-9AFE-4B57-8FEC-FC457BCBC193}.Release|iPhone.Build.0 = Release|Any CPU
		{07C1AAA3-9AFE-4B57-8FEC-FC457BCBC193}.Release|iPhone.Deploy.0 = Release|Any CPU
		{07C1AAA3-9AFE-4B57-8FEC-FC457BCBC193}.Release|iPhoneSimulator.ActiveCfg = Release|Any CPU
		{07C1AAA3-9AFE-4B57-8FEC-FC457BCBC193}.Release|iPhoneSimulator.Build.0 = Release|Any CPU
		{07C1AAA3-9AFE-4B57-8FEC-FC457BCBC193}.Release|iPhoneSimulator.Deploy.0 = Release|Any CPU
	EndGlobalSection
	GlobalSection(SolutionProperties) = preSolution
		HideSolutionNode = FALSE
	EndGlobalSection
	GlobalSection(ExtensibilityGlobals) = postSolution
		SolutionGuid = {5C5C5850-8C97-4FFD-87A6-B65219D44352}
	EndGlobalSection
EndGlobal
